<?xml version="1.0" encoding="UTF-8" standalone="yes" ?>
<CodeBlocks_project_file>
	<FileVersion major="1" minor="6" />
	<Project>
		<Option title="game" />
		<Option pch_mode="2" />
		<Option compiler="gcc" />
		<Option virtualFolders="Weapons\;Entities\;Engine\;Engine\Managers\;Engine\GUI\;Swarm\;ace&apos;s stuff\;" />
		<Build>
			<Target title="Debug">
				<Option output="bin\Debug\game" prefix_auto="1" extension_auto="1" />
				<Option object_output="obj\Debug\" />
				<Option type="1" />
				<Option compiler="gcc" />
				<Compiler>
					<Add option="-g" />
				</Compiler>
				<Linker>
					<Add option="-lsfml-main-d" />
					<Add option="-lsfml-audio-s-d" />
					<Add option="-lsfml-graphics-s-d" />
					<Add option="-lsfml-window-s-d" />
					<Add option="-lsfml-system-s-d" />
				</Linker>
			</Target>
			<Target title="Release">
				<Option output="bin\Release\game" prefix_auto="1" extension_auto="1" />
				<Option object_output="obj\Release\" />
				<Option type="0" />
				<Option compiler="gcc" />
				<Compiler>
					<Add option="-O2" />
				</Compiler>
				<Linker>
					<Add option="-s" />
					<Add option="-lsfml-main" />
					<Add option="-lsfml-audio-s" />
					<Add option="-lsfml-graphics-s" />
					<Add option="-lsfml-window-s" />
					<Add option="-lsfml-system-s" />
					<Add option="-lluabind" />
					<Add library="..\lua\liblua.a" />
				</Linker>
			</Target>
		</Build>
		<Compiler>
			<Add option="-Wall" />
			<Add directory="..\include\SFML-1.6\include" />
			<Add directory="..\include\Lua" />
			<Add directory="..\include\boost" />
			<Add directory="..\include\Luabind" />
			<Add directory="..\include" />
		</Compiler>
		<Linker>
			<Add option="-lsfml-main" />
			<Add option="-sfml-audio-s" />
			<Add option="-lsfml-graphics-s" />
			<Add option="-lsfml-window-s" />
			<Add option="-lsfml-system-s" />
			<Add option="-libluabind" />
			<Add option="-libLua" />
			<Add option="-libCell_Engine" />
			<Add library="mingw32" />
			<Add library="user32" />
			<Add library="gdi32" />
			<Add library="winmm" />
			<Add library="dxguid" />
			<Add directory="..\include\SFML-1.6\lib" />
			<Add directory="..\lib" />
		</Linker>
		<Unit filename="Animation.cpp">
			<Option virtualFolder="Engine\" />
		</Unit>
		<Unit filename="Animation.h">
			<Option virtualFolder="Engine\" />
		</Unit>
		<Unit filename="Bullet.cpp">
			<Option virtualFolder="ace&apos;s stuff\" />
		</Unit>
		<Unit filename="Bullet.hpp">
			<Option virtualFolder="ace&apos;s stuff\" />
		</Unit>
		<Unit filename="BulletManager.cpp">
			<Option virtualFolder="ace&apos;s stuff\" />
		</Unit>
		<Unit filename="BulletManager.hpp">
			<Option virtualFolder="ace&apos;s stuff\" />
		</Unit>
		<Unit filename="Button.cpp">
			<Option virtualFolder="Engine\GUI\" />
		</Unit>
		<Unit filename="Button.h">
			<Option virtualFolder="Engine\GUI\" />
		</Unit>
		<Unit filename="CellGui.cpp">
			<Option virtualFolder="Engine\GUI\" />
		</Unit>
		<Unit filename="CellGui.h">
			<Option virtualFolder="Engine\GUI\" />
		</Unit>
		<Unit filename="Entity.cpp">
			<Option virtualFolder="Engine\" />
		</Unit>
		<Unit filename="Entity.h">
			<Option virtualFolder="Engine\" />
		</Unit>
		<Unit filename="EntityManager.cpp" />
		<Unit filename="EntityManager.h" />
		<Unit filename="GameManager.cpp" />
		<Unit filename="GameManager.h" />
		<Unit filename="ImageManager.cpp">
			<Option virtualFolder="Engine\Managers\" />
		</Unit>
		<Unit filename="ImageManager.h">
			<Option virtualFolder="Engine\Managers\" />
		</Unit>
		<Unit filename="LuaManager.cpp">
			<Option virtualFolder="Engine\Managers\" />
		</Unit>
		<Unit filename="LuaManager.h">
			<Option virtualFolder="Engine\Managers\" />
		</Unit>
		<Unit filename="MyRect.h" />
		<Unit filename="Player.cpp">
			<Option virtualFolder="Entities\" />
		</Unit>
		<Unit filename="Player.h">
			<Option virtualFolder="Entities\" />
		</Unit>
		<Unit filename="QuadTree.cpp" />
		<Unit filename="QuadTree.h" />
		<Unit filename="ScriptConsole.cpp">
			<Option virtualFolder="Engine\GUI\" />
		</Unit>
		<Unit filename="ScriptConsole.h">
			<Option virtualFolder="Engine\GUI\" />
		</Unit>
		<Unit filename="SoundManager.cpp">
			<Option virtualFolder="Engine\Managers\" />
		</Unit>
		<Unit filename="SoundManager.h">
			<Option virtualFolder="Engine\Managers\" />
		</Unit>
		<Unit filename="State.cpp" />
		<Unit filename="State.h" />
		<Unit filename="SwarmState.cpp">
			<Option virtualFolder="Swarm\" />
		</Unit>
		<Unit filename="SwarmState.h">
			<Option virtualFolder="Swarm\" />
		</Unit>
		<Unit filename="TestState.cpp" />
		<Unit filename="TestState.h" />
		<Unit filename="Trig.cpp">
			<Option virtualFolder="Engine\" />
		</Unit>
		<Unit filename="Trig.h">
			<Option virtualFolder="Engine\" />
		</Unit>
		<Unit filename="UIState.cpp">
			<Option virtualFolder="Engine\GUI\" />
		</Unit>
		<Unit filename="UIState.h">
			<Option virtualFolder="Engine\GUI\" />
		</Unit>
		<Unit filename="Weapon.cpp">
			<Option virtualFolder="ace&apos;s stuff\" />
		</Unit>
		<Unit filename="Weapon.hpp">
			<Option virtualFolder="ace&apos;s stuff\" />
		</Unit>
		<Unit filename="cb.bmp" />
		<Unit filename="main.cpp" />
		<Unit filename="slope.cpp">
			<Option virtualFolder="ace&apos;s stuff\" />
		</Unit>
		<Unit filename="slope.hpp">
			<Option virtualFolder="ace&apos;s stuff\" />
		</Unit>
		<Extensions>
			<code_completion />
			<debugger />
			<envvars />
		</Extensions>
	</Project>
</CodeBlocks_project_file>
